tmux-continuum 0698e8f4b17d6454c71bf5212895ec055c578da0
tmux-fzf-url fb82d88b3515ec5228dd5975d45cea5e3d110503
tmux-lazy bfa522306c88e46e22bf0476ed56634d23132709
tmux-resurrect cff343cf9e81983d3da0c8562b01616f12e8d548
tmux-sensible 25cb91f42d020f675bb0a2ce3fbd3a5d96119efa
tpm 99469c4a9b1ccf77fade25842dc7bafbc8ce9946
vim-tmux-navigator d847ea942a5bb4d4fab6efebc9f30d787fd96e65
