tmux-continuum 0698e8f4b17d6454c71bf5212895ec055c578da0
tmux-fzf-url 09d4998ba1277e9c824282eb0a45eb53be20af93
tmux-lazy 32e6a45b45681ef96d0c45f65706ca275f22471a
tmux-prefix-highlight 06cbb4ecd3a0a918ce355c70dc56d79debd455c7
tmux-resurrect cff343cf9e81983d3da0c8562b01616f12e8d548
tmux-sensible 25cb91f42d020f675bb0a2ce3fbd3a5d96119efa
tpm 99469c4a9b1ccf77fade25842dc7bafbc8ce9946
vim-tmux-navigator c45243dc1f32ac6bcf6068e5300f3b2b237e576a
